
Microsoft Visual Studio Solution File, Format Version 12.00
# Visual Studio 15
VisualStudioVersion = 15.0.27428.2015
MinimumVisualStudioVersion = 10.0.40219.1
Project("{FAE04EC0-301F-11D3-BF4B-00C04F79EFBC}") = "ECWID_CURR", "Test\ECWID_CURR.csproj", "{39DD0FE4-589A-4FD9-8A46-7A9227ECB410}"
EndProject
Global
	GlobalSection(SolutionConfigurationPlatforms) = preSolution
		Debug|Any CPU = Debug|Any CPU
		Release|Any CPU = Release|Any CPU
	EndGlobalSection
	GlobalSection(ProjectConfigurationPlatforms) = postSolution
		{39DD0FE4-589A-4FD9-8A46-7A9227ECB410}.Debug|Any CPU.ActiveCfg = Release|Any CPU
		{39DD0FE4-589A-4FD9-8A46-7A9227ECB410}.Debug|Any CPU.Build.0 = Release|Any CPU
		{39DD0FE4-589A-4FD9-8A46-7A9227ECB410}.Release|Any CPU.ActiveCfg = Release|Any CPU
		{39DD0FE4-589A-4FD9-8A46-7A9227ECB410}.Release|Any CPU.Build.0 = Release|Any CPU
	EndGlobalSection
	GlobalSection(SolutionProperties) = preSolution
		HideSolutionNode = FALSE
	EndGlobalSection
	GlobalSection(ExtensibilityGlobals) = postSolution
		SolutionGuid = {28E8D5E6-40C2-4403-B117-5EDDB83D2045}
	EndGlobalSection
EndGlobal
